{
  "nodes": {
    "flake-utils": {
      "locked": {
        "lastModified": 1648297722,
        "narHash": "sha256-W+qlPsiZd8F3XkzXOzAoR+mpFqzm3ekQkJNa+PIh1BQ=",
        "owner": "numtide",
        "repo": "flake-utils",
        "rev": "0f8662f1319ad6abf89b3380dd2722369fc51ade",
        "type": "github"
      },
      "original": {
        "owner": "numtide",
        "repo": "flake-utils",
        "type": "github"
      }
    },
    "nixpkgs": {
      "locked": {
        "lastModified": 1649012074,
        "narHash": "sha256-vQUROcJ3FfT3GTB/nJrXwVvjuq8WfK0ImN+RUgDVN1c=",
        "owner": "nixos",
        "repo": "nixpkgs",
        "rev": "bc4b9eef3ce3d5a90d8693e8367c9cbfc9fc1e13",
        "type": "github"
      },
      "original": {
        "owner": "nixos",
        "ref": "nixos-unstable",
        "repo": "nixpkgs",
        "type": "github"
      }
    },
    "ocaml-overlay": {
      "inputs": {
        "flake-utils": [
          "flake-utils"
        ]
      },
      "locked": {
        "lastModified": 1649116256,
        "narHash": "sha256-AYqLAr2C9Wmv1bEeZp4LrjdjgIZasl8FEghQAI9Mmjg=",
        "owner": "anmonteiro",
        "repo": "nix-overlays",
        "rev": "12f7fdd63aa7aee942dcb320b2ba7d2f2add8381",
        "type": "github"
      },
      "original": {
        "owner": "anmonteiro",
        "repo": "nix-overlays",
        "type": "github"
      }
    },
    "root": {
      "inputs": {
        "flake-utils": "flake-utils",
        "nixpkgs": "nixpkgs",
        "ocaml-overlay": "ocaml-overlay"
      }
    }
  },
  "root": "root",
  "version": 7
}
